
Microsoft Visual Studio Solution File, Format Version 12.00
# Visual Studio Version 16
VisualStudioVersion = 16.0.32002.261
MinimumVisualStudioVersion = 10.0.40219.1
Project("{FAE04EC0-301F-11D3-BF4B-00C04F79EFBC}") = "Faker", "Faker\Faker.csproj", "{DBA8BABD-BADB-4E99-9843-93A2BE40028E}"
EndProject
Global
	GlobalSection(SolutionConfigurationPlatforms) = preSolution
		Debug|Any CPU = Debug|Any CPU
		Release|Any CPU = Release|Any CPU
	EndGlobalSection
	GlobalSection(ProjectConfigurationPlatforms) = postSolution
		{DBA8BABD-BADB-4E99-9843-93A2BE40028E}.Debug|Any CPU.ActiveCfg = Debug|Any CPU
		{DBA8BABD-BADB-4E99-9843-93A2BE40028E}.Debug|Any CPU.Build.0 = Debug|Any CPU
		{DBA8BABD-BADB-4E99-9843-93A2BE40028E}.Release|Any CPU.ActiveCfg = Release|Any CPU
		{DBA8BABD-BADB-4E99-9843-93A2BE40028E}.Release|Any CPU.Build.0 = Release|Any CPU
	EndGlobalSection
	GlobalSection(SolutionProperties) = preSolution
		HideSolutionNode = FALSE
	EndGlobalSection
	GlobalSection(ExtensibilityGlobals) = postSolution
		SolutionGuid = {427711C6-77F4-4D9F-9CFE-AD92268BB7D2}
	EndGlobalSection
EndGlobal
