
Microsoft Visual Studio Solution File, Format Version 12.00
# Visual Studio Version 16
VisualStudioVersion = 16.0.32002.261
MinimumVisualStudioVersion = 10.0.40219.1
Project("{9A19103F-16F7-4668-BE54-9A1E7A4F7556}") = "Faker", "Faker\Faker.csproj", "{DBA8BABD-BADB-4E99-9843-93A2BE40028E}"
EndProject
Project("{9A19103F-16F7-4668-BE54-9A1E7A4F7556}") = "BoolGeneratorPlugin", "BoolGeneratorPlugin\BoolGeneratorPlugin.csproj", "{8054EB93-35EB-47D4-B7A5-C0863179BD47}"
EndProject
Project("{9A19103F-16F7-4668-BE54-9A1E7A4F7556}") = "DateTimeGeneratorPlugin", "DateTimeGeneratorPlugin\DateTimeGeneratorPlugin.csproj", "{021298FB-0E15-4E57-91A1-1DA6569B3FFC}"
EndProject
Project("{FAE04EC0-301F-11D3-BF4B-00C04F79EFBC}") = "FakerTestProject", "FakerTestProject\FakerTestProject.csproj", "{A48727AA-A200-4479-8DBC-73CFA6B6D653}"
EndProject
Global
	GlobalSection(SolutionConfigurationPlatforms) = preSolution
		Debug|Any CPU = Debug|Any CPU
		Release|Any CPU = Release|Any CPU
	EndGlobalSection
	GlobalSection(ProjectConfigurationPlatforms) = postSolution
		{DBA8BABD-BADB-4E99-9843-93A2BE40028E}.Debug|Any CPU.ActiveCfg = Debug|Any CPU
		{DBA8BABD-BADB-4E99-9843-93A2BE40028E}.Debug|Any CPU.Build.0 = Debug|Any CPU
		{DBA8BABD-BADB-4E99-9843-93A2BE40028E}.Release|Any CPU.ActiveCfg = Release|Any CPU
		{DBA8BABD-BADB-4E99-9843-93A2BE40028E}.Release|Any CPU.Build.0 = Release|Any CPU
		{8054EB93-35EB-47D4-B7A5-C0863179BD47}.Debug|Any CPU.ActiveCfg = Debug|Any CPU
		{8054EB93-35EB-47D4-B7A5-C0863179BD47}.Debug|Any CPU.Build.0 = Debug|Any CPU
		{8054EB93-35EB-47D4-B7A5-C0863179BD47}.Release|Any CPU.ActiveCfg = Release|Any CPU
		{8054EB93-35EB-47D4-B7A5-C0863179BD47}.Release|Any CPU.Build.0 = Release|Any CPU
		{021298FB-0E15-4E57-91A1-1DA6569B3FFC}.Debug|Any CPU.ActiveCfg = Debug|Any CPU
		{021298FB-0E15-4E57-91A1-1DA6569B3FFC}.Debug|Any CPU.Build.0 = Debug|Any CPU
		{021298FB-0E15-4E57-91A1-1DA6569B3FFC}.Release|Any CPU.ActiveCfg = Release|Any CPU
		{021298FB-0E15-4E57-91A1-1DA6569B3FFC}.Release|Any CPU.Build.0 = Release|Any CPU
		{A48727AA-A200-4479-8DBC-73CFA6B6D653}.Debug|Any CPU.ActiveCfg = Debug|Any CPU
		{A48727AA-A200-4479-8DBC-73CFA6B6D653}.Debug|Any CPU.Build.0 = Debug|Any CPU
		{A48727AA-A200-4479-8DBC-73CFA6B6D653}.Release|Any CPU.ActiveCfg = Release|Any CPU
		{A48727AA-A200-4479-8DBC-73CFA6B6D653}.Release|Any CPU.Build.0 = Release|Any CPU
	EndGlobalSection
	GlobalSection(SolutionProperties) = preSolution
		HideSolutionNode = FALSE
	EndGlobalSection
	GlobalSection(ExtensibilityGlobals) = postSolution
		SolutionGuid = {427711C6-77F4-4D9F-9CFE-AD92268BB7D2}
	EndGlobalSection
EndGlobal
